// !$*UTF8*$!
{
	archiveVersion = 1;
	classes = {
	};
	objectVersion = 50;
	objects = {

/* Begin PBXBuildFile section */
		335C980B26C939100083F1B3 /* AppDelegate.swift in Sources */ = {isa = PBXBuildFile; fileRef = 335C980A26C939100083F1B3 /* AppDelegate.swift */; };
		335C980D26C939100083F1B3 /* SceneDelegate.swift in Sources */ = {isa = PBXBuildFile; fileRef = 335C980C26C939100083F1B3 /* SceneDelegate.swift */; };
		335C980F26C939100083F1B3 /* ViewController.swift in Sources */ = {isa = PBXBuildFile; fileRef = 335C980E26C939100083F1B3 /* ViewController.swift */; };
		335C981226C939100083F1B3 /* Main.storyboard in Resources */ = {isa = PBXBuildFile; fileRef = 335C981026C939100083F1B3 /* Main.storyboard */; };
		335C981426C939140083F1B3 /* Assets.xcassets in Resources */ = {isa = PBXBuildFile; fileRef = 335C981326C939140083F1B3 /* Assets.xcassets */; };
		335C981726C939140083F1B3 /* LaunchScreen.storyboard in Resources */ = {isa = PBXBuildFile; fileRef = 335C981526C939140083F1B3 /* LaunchScreen.storyboard */; };
		335C983B26C93D0D0083F1B3 /* RatesModel.swift in Sources */ = {isa = PBXBuildFile; fileRef = 335C983A26C93D0D0083F1B3 /* RatesModel.swift */; };
		33A7AADF26F66C93007CB2E4 /* NetworkingManager.swift in Sources */ = {isa = PBXBuildFile; fileRef = 33A7AADE26F66C93007CB2E4 /* NetworkingManager.swift */; };
/* End PBXBuildFile section */

/* Begin PBXContainerItemProxy section */
		335C981E26C939140083F1B3 /* PBXContainerItemProxy */ = {
			isa = PBXContainerItemProxy;
			containerPortal = 335C97FF26C939100083F1B3 /* Project object */;
			proxyType = 1;
			remoteGlobalIDString = 335C980626C939100083F1B3;
			remoteInfo = Valuta;
		};
		335C982926C939140083F1B3 /* PBXContainerItemProxy */ = {
			isa = PBXContainerItemProxy;
			containerPortal = 335C97FF26C939100083F1B3 /* Project object */;
			proxyType = 1;
			remoteGlobalIDString = 335C980626C939100083F1B3;
			remoteInfo = Valuta;
		};
/* End PBXContainerItemProxy section */

/* Begin PBXFileReference section */
		335C980726C939100083F1B3 /* Valuta.app */ = {isa = PBXFileReference; explicitFileType = wrapper.application; includeInIndex = 0; path = Valuta.app; sourceTree = BUILT_PRODUCTS_DIR; };
		335C980A26C939100083F1B3 /* AppDelegate.swift */ = {isa = PBXFileReference; lastKnownFileType = sourcecode.swift; path = AppDelegate.swift; sourceTree = "<group>"; };
		335C980C26C939100083F1B3 /* SceneDelegate.swift */ = {isa = PBXFileReference; lastKnownFileType = sourcecode.swift; path = SceneDelegate.swift; sourceTree = "<group>"; };
		335C980E26C939100083F1B3 /* ViewController.swift */ = {isa = PBXFileReference; lastKnownFileType = sourcecode.swift; path = ViewController.swift; sourceTree = "<group>"; };
		335C981126C939100083F1B3 /* Base */ = {isa = PBXFileReference; lastKnownFileType = file.storyboard; name = Base; path = Base.lproj/Main.storyboard; sourceTree = "<group>"; };
		335C981326C939140083F1B3 /* Assets.xcassets */ = {isa = PBXFileReference; lastKnownFileType = folder.assetcatalog; path = Assets.xcassets; sourceTree = "<group>"; };
		335C981626C939140083F1B3 /* Base */ = {isa = PBXFileReference; lastKnownFileType = file.storyboard; name = Base; path = Base.lproj/LaunchScreen.storyboard; sourceTree = "<group>"; };
		335C981826C939140083F1B3 /* Info.plist */ = {isa = PBXFileReference; lastKnownFileType = text.plist.xml; path = Info.plist; sourceTree = "<group>"; };
		335C981D26C939140083F1B3 /* ValutaTests.xctest */ = {isa = PBXFileReference; explicitFileType = wrapper.cfbundle; includeInIndex = 0; path = ValutaTests.xctest; sourceTree = BUILT_PRODUCTS_DIR; };
		335C982826C939140083F1B3 /* ValutaUITests.xctest */ = {isa = PBXFileReference; explicitFileType = wrapper.cfbundle; includeInIndex = 0; path = ValutaUITests.xctest; sourceTree = BUILT_PRODUCTS_DIR; };
		335C983A26C93D0D0083F1B3 /* RatesModel.swift */ = {isa = PBXFileReference; lastKnownFileType = sourcecode.swift; path = RatesModel.swift; sourceTree = "<group>"; };
		33A7AADE26F66C93007CB2E4 /* NetworkingManager.swift */ = {isa = PBXFileReference; lastKnownFileType = sourcecode.swift; path = NetworkingManager.swift; sourceTree = "<group>"; };
/* End PBXFileReference section */

/* Begin PBXFrameworksBuildPhase section */
		335C980426C939100083F1B3 /* Frameworks */ = {
			isa = PBXFrameworksBuildPhase;
			buildActionMask = 2147483647;
			files = (
			);
			runOnlyForDeploymentPostprocessing = 0;
		};
		335C981A26C939140083F1B3 /* Frameworks */ = {
			isa = PBXFrameworksBuildPhase;
			buildActionMask = 2147483647;
			files = (
			);
			runOnlyForDeploymentPostprocessing = 0;
		};
		335C982526C939140083F1B3 /* Frameworks */ = {
			isa = PBXFrameworksBuildPhase;
			buildActionMask = 2147483647;
			files = (
			);
			runOnlyForDeploymentPostprocessing = 0;
		};
/* End PBXFrameworksBuildPhase section */

/* Begin PBXGroup section */
		335C97FE26C939100083F1B3 = {
			isa = PBXGroup;
			children = (
				335C980926C939100083F1B3 /* Valuta */,
				335C980826C939100083F1B3 /* Products */,
			);
			sourceTree = "<group>";
		};
		335C980826C939100083F1B3 /* Products */ = {
			isa = PBXGroup;
			children = (
				335C980726C939100083F1B3 /* Valuta.app */,
				335C981D26C939140083F1B3 /* ValutaTests.xctest */,
				335C982826C939140083F1B3 /* ValutaUITests.xctest */,
			);
			name = Products;
			sourceTree = "<group>";
		};
		335C980926C939100083F1B3 /* Valuta */ = {
			isa = PBXGroup;
			children = (
				335C980A26C939100083F1B3 /* AppDelegate.swift */,
				335C980C26C939100083F1B3 /* SceneDelegate.swift */,
				33A7AADE26F66C93007CB2E4 /* NetworkingManager.swift */,
				33766DD7273AEE5500A03FBF /* Controller */,
				33766DD8273AEE7400A03FBF /* Model */,
				335C981026C939100083F1B3 /* Main.storyboard */,
				335C981526C939140083F1B3 /* LaunchScreen.storyboard */,
				335C981326C939140083F1B3 /* Assets.xcassets */,
				335C981826C939140083F1B3 /* Info.plist */,
			);
			path = Valuta;
			sourceTree = "<group>";
		};
		33766DD7273AEE5500A03FBF /* Controller */ = {
			isa = PBXGroup;
			children = (
				335C980E26C939100083F1B3 /* ViewController.swift */,
			);
			path = Controller;
			sourceTree = "<group>";
		};
		33766DD8273AEE7400A03FBF /* Model */ = {
			isa = PBXGroup;
			children = (
				335C983A26C93D0D0083F1B3 /* RatesModel.swift */,
			);
			path = Model;
			sourceTree = "<group>";
		};
/* End PBXGroup section */

/* Begin PBXNativeTarget section */
		335C980626C939100083F1B3 /* Valuta */ = {
			isa = PBXNativeTarget;
			buildConfigurationList = 335C983126C939150083F1B3 /* Build configuration list for PBXNativeTarget "Valuta" */;
			buildPhases = (
				335C980326C939100083F1B3 /* Sources */,
				335C980426C939100083F1B3 /* Frameworks */,
				335C980526C939100083F1B3 /* Resources */,
			);
			buildRules = (
			);
			dependencies = (
			);
			name = Valuta;
			productName = Valuta;
			productReference = 335C980726C939100083F1B3 /* Valuta.app */;
			productType = "com.apple.product-type.application";
		};
		335C981C26C939140083F1B3 /* ValutaTests */ = {
			isa = PBXNativeTarget;
			buildConfigurationList = 335C983426C939150083F1B3 /* Build configuration list for PBXNativeTarget "ValutaTests" */;
			buildPhases = (
				335C981926C939140083F1B3 /* Sources */,
				335C981A26C939140083F1B3 /* Frameworks */,
				335C981B26C939140083F1B3 /* Resources */,
			);
			buildRules = (
			);
			dependencies = (
				335C981F26C939140083F1B3 /* PBXTargetDependency */,
			);
			name = ValutaTests;
			productName = ValutaTests;
			productReference = 335C981D26C939140083F1B3 /* ValutaTests.xctest */;
			productType = "com.apple.product-type.bundle.unit-test";
		};
		335C982726C939140083F1B3 /* ValutaUITests */ = {
			isa = PBXNativeTarget;
			buildConfigurationList = 335C983726C939150083F1B3 /* Build configuration list for PBXNativeTarget "ValutaUITests" */;
			buildPhases = (
				335C982426C939140083F1B3 /* Sources */,
				335C982526C939140083F1B3 /* Frameworks */,
				335C982626C939140083F1B3 /* Resources */,
			);
			buildRules = (
			);
			dependencies = (
				335C982A26C939140083F1B3 /* PBXTargetDependency */,
			);
			name = ValutaUITests;
			productName = ValutaUITests;
			productReference = 335C982826C939140083F1B3 /* ValutaUITests.xctest */;
			productType = "com.apple.product-type.bundle.ui-testing";
		};
/* End PBXNativeTarget section */

/* Begin PBXProject section */
		335C97FF26C939100083F1B3 /* Project object */ = {
			isa = PBXProject;
			attributes = {
				LastSwiftUpdateCheck = 1250;
				LastUpgradeCheck = 1250;
				TargetAttributes = {
					335C980626C939100083F1B3 = {
						CreatedOnToolsVersion = 12.5.1;
					};
					335C981C26C939140083F1B3 = {
						CreatedOnToolsVersion = 12.5.1;
						TestTargetID = 335C980626C939100083F1B3;
					};
					335C982726C939140083F1B3 = {
						CreatedOnToolsVersion = 12.5.1;
						TestTargetID = 335C980626C939100083F1B3;
					};
				};
			};
			buildConfigurationList = 335C980226C939100083F1B3 /* Build configuration list for PBXProject "Valuta" */;
			compatibilityVersion = "Xcode 9.3";
			developmentRegion = en;
			hasScannedForEncodings = 0;
			knownRegions = (
				en,
				Base,
			);
			mainGroup = 335C97FE26C939100083F1B3;
			productRefGroup = 335C980826C939100083F1B3 /* Products */;
			projectDirPath = "";
			projectRoot = "";
			targets = (
				335C980626C939100083F1B3 /* Valuta */,
				335C981C26C939140083F1B3 /* ValutaTests */,
				335C982726C939140083F1B3 /* ValutaUITests */,
			);
		};
/* End PBXProject section */

/* Begin PBXResourcesBuildPhase section */
		335C980526C939100083F1B3 /* Resources */ = {
			isa = PBXResourcesBuildPhase;
			buildActionMask = 2147483647;
			files = (
				335C981726C939140083F1B3 /* LaunchScreen.storyboard in Resources */,
				335C981426C939140083F1B3 /* Assets.xcassets in Resources */,
				335C981226C939100083F1B3 /* Main.storyboard in Resources */,
			);
			runOnlyForDeploymentPostprocessing = 0;
		};
		335C981B26C939140083F1B3 /* Resources */ = {
			isa = PBXResourcesBuildPhase;
			buildActionMask = 2147483647;
			files = (
			);
			runOnlyForDeploymentPostprocessing = 0;
		};
		335C982626C939140083F1B3 /* Resources */ = {
			isa = PBXResourcesBuildPhase;
			buildActionMask = 2147483647;
			files = (
			);
			runOnlyForDeploymentPostprocessing = 0;
		};
/* End PBXResourcesBuildPhase section */

/* Begin PBXSourcesBuildPhase section */
		335C980326C939100083F1B3 /* Sources */ = {
			isa = PBXSourcesBuildPhase;
			buildActionMask = 2147483647;
			files = (
				335C980F26C939100083F1B3 /* ViewController.swift in Sources */,
				335C980B26C939100083F1B3 /* AppDelegate.swift in Sources */,
				335C980D26C939100083F1B3 /* SceneDelegate.swift in Sources */,
				33A7AADF26F66C93007CB2E4 /* NetworkingManager.swift in Sources */,
				335C983B26C93D0D0083F1B3 /* RatesModel.swift in Sources */,
			);
			runOnlyForDeploymentPostprocessing = 0;
		};
		335C981926C939140083F1B3 /* Sources */ = {
			isa = PBXSourcesBuildPhase;
			buildActionMask = 2147483647;
			files = (
			);
			runOnlyForDeploymentPostprocessing = 0;
		};
		335C982426C939140083F1B3 /* Sources */ = {
			isa = PBXSourcesBuildPhase;
			buildActionMask = 2147483647;
			files = (
			);
			runOnlyForDeploymentPostprocessing = 0;
		};
/* End PBXSourcesBuildPhase section */

/* Begin PBXTargetDependency section */
		335C981F26C939140083F1B3 /* PBXTargetDependency */ = {
			isa = PBXTargetDependency;
			target = 335C980626C939100083F1B3 /* Valuta */;
			targetProxy = 335C981E26C939140083F1B3 /* PBXContainerItemProxy */;
		};
		335C982A26C939140083F1B3 /* PBXTargetDependency */ = {
			isa = PBXTargetDependency;
			target = 335C980626C939100083F1B3 /* Valuta */;
			targetProxy = 335C982926C939140083F1B3 /* PBXContainerItemProxy */;
		};
/* End PBXTargetDependency section */

/* Begin PBXVariantGroup section */
		335C981026C939100083F1B3 /* Main.storyboard */ = {
			isa = PBXVariantGroup;
			children = (
				335C981126C939100083F1B3 /* Base */,
			);
			name = Main.storyboard;
			sourceTree = "<group>";
		};
		335C981526C939140083F1B3 /* LaunchScreen.storyboard */ = {
			isa = PBXVariantGroup;
			children = (
				335C981626C939140083F1B3 /* Base */,
			);
			name = LaunchScreen.storyboard;
			sourceTree = "<group>";
		};
/* End PBXVariantGroup section */

/* Begin XCBuildConfiguration section */
		335C982F26C939150083F1B3 /* Debug */ = {
			isa = XCBuildConfiguration;
			buildSettings = {
				ALWAYS_SEARCH_USER_PATHS = NO;
				CLANG_ANALYZER_NONNULL = YES;
				CLANG_ANALYZER_NUMBER_OBJECT_CONVERSION = YES_AGGRESSIVE;
				CLANG_CXX_LANGUAGE_STANDARD = "gnu++14";
				CLANG_CXX_LIBRARY = "libc++";
				CLANG_ENABLE_MODULES = YES;
				CLANG_ENABLE_OBJC_ARC = YES;
				CLANG_ENABLE_OBJC_WEAK = YES;
				CLANG_WARN_BLOCK_CAPTURE_AUTORELEASING = YES;
				CLANG_WARN_BOOL_CONVERSION = YES;
				CLANG_WARN_COMMA = YES;
				CLANG_WARN_CONSTANT_CONVERSION = YES;
				CLANG_WARN_DEPRECATED_OBJC_IMPLEMENTATIONS = YES;
				CLANG_WARN_DIRECT_OBJC_ISA_USAGE = YES_ERROR;
				CLANG_WARN_DOCUMENTATION_COMMENTS = YES;
				CLANG_WARN_EMPTY_BODY = YES;
				CLANG_WARN_ENUM_CONVERSION = YES;
				CLANG_WARN_INFINITE_RECURSION = YES;
				CLANG_WARN_INT_CONVERSION = YES;
				CLANG_WARN_NON_LITERAL_NULL_CONVERSION = YES;
				CLANG_WARN_OBJC_IMPLICIT_RETAIN_SELF = YES;
				CLANG_WARN_OBJC_LITERAL_CONVERSION = YES;
				CLANG_WARN_OBJC_ROOT_CLASS = YES_ERROR;
				CLANG_WARN_QUOTED_INCLUDE_IN_FRAMEWORK_HEADER = YES;
				CLANG_WARN_RANGE_LOOP_ANALYSIS = YES;
				CLANG_WARN_STRICT_PROTOTYPES = YES;
				CLANG_WARN_SUSPICIOUS_MOVE = YES;
				CLANG_WARN_UNGUARDED_AVAILABILITY = YES_AGGRESSIVE;
				CLANG_WARN_UNREACHABLE_CODE = YES;
				CLANG_WARN__DUPLICATE_METHOD_MATCH = YES;
				COPY_PHASE_STRIP = NO;
				DEBUG_INFORMATION_FORMAT = dwarf;
				ENABLE_STRICT_OBJC_MSGSEND = YES;
				ENABLE_TESTABILITY = YES;
				GCC_C_LANGUAGE_STANDARD = gnu11;
				GCC_DYNAMIC_NO_PIC = NO;
				GCC_NO_COMMON_BLOCKS = YES;
				GCC_OPTIMIZATION_LEVEL = 0;
				GCC_PREPROCESSOR_DEFINITIONS = (
					"DEBUG=1",
					"$(inherited)",
				);
				GCC_WARN_64_TO_32_BIT_CONVERSION = YES;
				GCC_WARN_ABOUT_RETURN_TYPE = YES_ERROR;
				GCC_WARN_UNDECLARED_SELECTOR = YES;
				GCC_WARN_UNINITIALIZED_AUTOS = YES_AGGRESSIVE;
				GCC_WARN_UNUSED_FUNCTION = YES;
				GCC_WARN_UNUSED_VARIABLE = YES;
				IPHONEOS_DEPLOYMENT_TARGET = 14.5;
				MTL_ENABLE_DEBUG_INFO = INCLUDE_SOURCE;
				MTL_FAST_MATH = YES;
				ONLY_ACTIVE_ARCH = YES;
				SDKROOT = iphoneos;
				SWIFT_ACTIVE_COMPILATION_CONDITIONS = DEBUG;
				SWIFT_OPTIMIZATION_LEVEL = "-Onone";
			};
			name = Debug;
		};
		335C983026C939150083F1B3 /* Release */ = {
			isa = XCBuildConfiguration;
			buildSettings = {
				ALWAYS_SEARCH_USER_PATHS = NO;
				CLANG_ANALYZER_NONNULL = YES;
				CLANG_ANALYZER_NUMBER_OBJECT_CONVERSION = YES_AGGRESSIVE;
				CLANG_CXX_LANGUAGE_STANDARD = "gnu++14";
				CLANG_CXX_LIBRARY = "libc++";
				CLANG_ENABLE_MODULES = YES;
				CLANG_ENABLE_OBJC_ARC = YES;
				CLANG_ENABLE_OBJC_WEAK = YES;
				CLANG_WARN_BLOCK_CAPTURE_AUTORELEASING = YES;
				CLANG_WARN_BOOL_CONVERSION = YES;
				CLANG_WARN_COMMA = YES;
				CLANG_WARN_CONSTANT_CONVERSION = YES;
				CLANG_WARN_DEPRECATED_OBJC_IMPLEMENTATIONS = YES;
				CLANG_WARN_DIRECT_OBJC_ISA_USAGE = YES_ERROR;
				CLANG_WARN_DOCUMENTATION_COMMENTS = YES;
				CLANG_WARN_EMPTY_BODY = YES;
				CLANG_WARN_ENUM_CONVERSION = YES;
				CLANG_WARN_INFINITE_RECURSION = YES;
				CLANG_WARN_INT_CONVERSION = YES;
				CLANG_WARN_NON_LITERAL_NULL_CONVERSION = YES;
				CLANG_WARN_OBJC_IMPLICIT_RETAIN_SELF = YES;
				CLANG_WARN_OBJC_LITERAL_CONVERSION = YES;
				CLANG_WARN_OBJC_ROOT_CLASS = YES_ERROR;
				CLANG_WARN_QUOTED_INCLUDE_IN_FRAMEWORK_HEADER = YES;
				CLANG_WARN_RANGE_LOOP_ANALYSIS = YES;
				CLANG_WARN_STRICT_PROTOTYPES = YES;
				CLANG_WARN_SUSPICIOUS_MOVE = YES;
				CLANG_WARN_UNGUARDED_AVAILABILITY = YES_AGGRESSIVE;
				CLANG_WARN_UNREACHABLE_CODE = YES;
				CLANG_WARN__DUPLICATE_METHOD_MATCH = YES;
				COPY_PHASE_STRIP = NO;
				DEBUG_INFORMATION_FORMAT = "dwarf-with-dsym";
				ENABLE_NS_ASSERTIONS = NO;
				ENABLE_STRICT_OBJC_MSGSEND = YES;
				GCC_C_LANGUAGE_STANDARD = gnu11;
				GCC_NO_COMMON_BLOCKS = YES;
				GCC_WARN_64_TO_32_BIT_CONVERSION = YES;
				GCC_WARN_ABOUT_RETURN_TYPE = YES_ERROR;
				GCC_WARN_UNDECLARED_SELECTOR = YES;
				GCC_WARN_UNINITIALIZED_AUTOS = YES_AGGRESSIVE;
				GCC_WARN_UNUSED_FUNCTION = YES;
				GCC_WARN_UNUSED_VARIABLE = YES;
				IPHONEOS_DEPLOYMENT_TARGET = 14.5;
				MTL_ENABLE_DEBUG_INFO = NO;
				MTL_FAST_MATH = YES;
				SDKROOT = iphoneos;
				SWIFT_COMPILATION_MODE = wholemodule;
				SWIFT_OPTIMIZATION_LEVEL = "-O";
				VALIDATE_PRODUCT = YES;
			};
			name = Release;
		};
		335C983226C939150083F1B3 /* Debug */ = {
			isa = XCBuildConfiguration;
			buildSettings = {
				ASSETCATALOG_COMPILER_APPICON_NAME = AppIcon;
				ASSETCATALOG_COMPILER_GLOBAL_ACCENT_COLOR_NAME = AccentColor;
				CODE_SIGN_STYLE = Automatic;
				DEVELOPMENT_TEAM = BC7M4A2H3L;
				INFOPLIST_FILE = Valuta/Info.plist;
				IPHONEOS_DEPLOYMENT_TARGET = 14.1;
				LD_RUNPATH_SEARCH_PATHS = (
					"$(inherited)",
					"@executable_path/Frameworks",
				);
				PRODUCT_BUNDLE_IDENTIFIER = Chistyakov.Valuta;
				PRODUCT_NAME = "$(TARGET_NAME)";
				SWIFT_VERSION = 5.0;
				TARGETED_DEVICE_FAMILY = 1;
			};
			name = Debug;
		};
		335C983326C939150083F1B3 /* Release */ = {
			isa = XCBuildConfiguration;
			buildSettings = {
				ASSETCATALOG_COMPILER_APPICON_NAME = AppIcon;
				ASSETCATALOG_COMPILER_GLOBAL_ACCENT_COLOR_NAME = AccentColor;
				CODE_SIGN_STYLE = Automatic;
				DEVELOPMENT_TEAM = BC7M4A2H3L;
				INFOPLIST_FILE = Valuta/Info.plist;
				IPHONEOS_DEPLOYMENT_TARGET = 14.1;
				LD_RUNPATH_SEARCH_PATHS = (
					"$(inherited)",
					"@executable_path/Frameworks",
				);
				PRODUCT_BUNDLE_IDENTIFIER = Chistyakov.Valuta;
				PRODUCT_NAME = "$(TARGET_NAME)";
				SWIFT_VERSION = 5.0;
				TARGETED_DEVICE_FAMILY = 1;
			};
			name = Release;
		};
		335C983526C939150083F1B3 /* Debug */ = {
			isa = XCBuildConfiguration;
			buildSettings = {
				ALWAYS_EMBED_SWIFT_STANDARD_LIBRARIES = YES;
				BUNDLE_LOADER = "$(TEST_HOST)";
				CODE_SIGN_STYLE = Automatic;
				INFOPLIST_FILE = ValutaTests/Info.plist;
				IPHONEOS_DEPLOYMENT_TARGET = 14.5;
				LD_RUNPATH_SEARCH_PATHS = (
					"$(inherited)",
					"@executable_path/Frameworks",
					"@loader_path/Frameworks",
				);
				PRODUCT_BUNDLE_IDENTIFIER = Chistyakov.ValutaTests;
				PRODUCT_NAME = "$(TARGET_NAME)";
				SWIFT_VERSION = 5.0;
				TARGETED_DEVICE_FAMILY = "1,2";
				TEST_HOST = "$(BUILT_PRODUCTS_DIR)/Valuta.app/Valuta";
			};
			name = Debug;
		};
		335C983626C939150083F1B3 /* Release */ = {
			isa = XCBuildConfiguration;
			buildSettings = {
				ALWAYS_EMBED_SWIFT_STANDARD_LIBRARIES = YES;
				BUNDLE_LOADER = "$(TEST_HOST)";
				CODE_SIGN_STYLE = Automatic;
				INFOPLIST_FILE = ValutaTests/Info.plist;
				IPHONEOS_DEPLOYMENT_TARGET = 14.5;
				LD_RUNPATH_SEARCH_PATHS = (
					"$(inherited)",
					"@executable_path/Frameworks",
					"@loader_path/Frameworks",
				);
				PRODUCT_BUNDLE_IDENTIFIER = Chistyakov.ValutaTests;
				PRODUCT_NAME = "$(TARGET_NAME)";
				SWIFT_VERSION = 5.0;
				TARGETED_DEVICE_FAMILY = "1,2";
				TEST_HOST = "$(BUILT_PRODUCTS_DIR)/Valuta.app/Valuta";
			};
			name = Release;
		};
		335C983826C939150083F1B3 /* Debug */ = {
			isa = XCBuildConfiguration;
			buildSettings = {
				ALWAYS_EMBED_SWIFT_STANDARD_LIBRARIES = YES;
				CODE_SIGN_STYLE = Automatic;
				INFOPLIST_FILE = ValutaUITests/Info.plist;
				LD_RUNPATH_SEARCH_PATHS = (
					"$(inherited)",
					"@executable_path/Frameworks",
					"@loader_path/Frameworks",
				);
				PRODUCT_BUNDLE_IDENTIFIER = Chistyakov.ValutaUITests;
				PRODUCT_NAME = "$(TARGET_NAME)";
				SWIFT_VERSION = 5.0;
				TARGETED_DEVICE_FAMILY = "1,2";
				TEST_TARGET_NAME = Valuta;
			};
			name = Debug;
		};
		335C983926C939150083F1B3 /* Release */ = {
			isa = XCBuildConfiguration;
			buildSettings = {
				ALWAYS_EMBED_SWIFT_STANDARD_LIBRARIES = YES;
				CODE_SIGN_STYLE = Automatic;
				INFOPLIST_FILE = ValutaUITests/Info.plist;
				LD_RUNPATH_SEARCH_PATHS = (
					"$(inherited)",
					"@executable_path/Frameworks",
					"@loader_path/Frameworks",
				);
				PRODUCT_BUNDLE_IDENTIFIER = Chistyakov.ValutaUITests;
				PRODUCT_NAME = "$(TARGET_NAME)";
				SWIFT_VERSION = 5.0;
				TARGETED_DEVICE_FAMILY = "1,2";
				TEST_TARGET_NAME = Valuta;
			};
			name = Release;
		};
/* End XCBuildConfiguration section */

/* Begin XCConfigurationList section */
		335C980226C939100083F1B3 /* Build configuration list for PBXProject "Valuta" */ = {
			isa = XCConfigurationList;
			buildConfigurations = (
				335C982F26C939150083F1B3 /* Debug */,
				335C983026C939150083F1B3 /* Release */,
			);
			defaultConfigurationIsVisible = 0;
			defaultConfigurationName = Release;
		};
		335C983126C939150083F1B3 /* Build configuration list for PBXNativeTarget "Valuta" */ = {
			isa = XCConfigurationList;
			buildConfigurations = (
				335C983226C939150083F1B3 /* Debug */,
				335C983326C939150083F1B3 /* Release */,
			);
			defaultConfigurationIsVisible = 0;
			defaultConfigurationName = Release;
		};
		335C983426C939150083F1B3 /* Build configuration list for PBXNativeTarget "ValutaTests" */ = {
			isa = XCConfigurationList;
			buildConfigurations = (
				335C983526C939150083F1B3 /* Debug */,
				335C983626C939150083F1B3 /* Release */,
			);
			defaultConfigurationIsVisible = 0;
			defaultConfigurationName = Release;
		};
		335C983726C939150083F1B3 /* Build configuration list for PBXNativeTarget "ValutaUITests" */ = {
			isa = XCConfigurationList;
			buildConfigurations = (
				335C983826C939150083F1B3 /* Debug */,
				335C983926C939150083F1B3 /* Release */,
			);
			defaultConfigurationIsVisible = 0;
			defaultConfigurationName = Release;
		};
/* End XCConfigurationList section */
	};
	rootObject = 335C97FF26C939100083F1B3 /* Project object */;
}
